
Microsoft Visual Studio Solution File, Format Version 12.00
# Visual Studio 14
VisualStudioVersion = 14.0.23107.0
MinimumVisualStudioVersion = 10.0.40219.1
Project("{FAE04EC0-301F-11D3-BF4B-00C04F79EFBC}") = "Restful.Service", "Restful.Service\Restful.Service.csproj", "{8D2DB576-BC59-4B4E-BB09-FCE8FC473B60}"
EndProject
Project("{FAE04EC0-301F-11D3-BF4B-00C04F79EFBC}") = "Restful.MongoDB", "Restful.MongoDB\Restful.MongoDB.csproj", "{4DC1F43D-D181-4491-A91C-EC63F1D46585}"
EndProject
Project("{FAE04EC0-301F-11D3-BF4B-00C04F79EFBC}") = "Restful.Entities", "Restful.Entities\Restful.Entities.csproj", "{31B78984-967E-4B44-BF3B-FCD34357B1BD}"
EndProject
Project("{FAE04EC0-301F-11D3-BF4B-00C04F79EFBC}") = "Restful.WebApp", "Restful.WebApp\Restful.WebApp.csproj", "{568FA08C-ED47-48A0-A126-D39AC9061347}"
EndProject
Global
	GlobalSection(SolutionConfigurationPlatforms) = preSolution
		Debug|Any CPU = Debug|Any CPU
		Release|Any CPU = Release|Any CPU
	EndGlobalSection
	GlobalSection(ProjectConfigurationPlatforms) = postSolution
		{8D2DB576-BC59-4B4E-BB09-FCE8FC473B60}.Debug|Any CPU.ActiveCfg = Debug|Any CPU
		{8D2DB576-BC59-4B4E-BB09-FCE8FC473B60}.Debug|Any CPU.Build.0 = Debug|Any CPU
		{8D2DB576-BC59-4B4E-BB09-FCE8FC473B60}.Release|Any CPU.ActiveCfg = Release|Any CPU
		{8D2DB576-BC59-4B4E-BB09-FCE8FC473B60}.Release|Any CPU.Build.0 = Release|Any CPU
		{4DC1F43D-D181-4491-A91C-EC63F1D46585}.Debug|Any CPU.ActiveCfg = Debug|Any CPU
		{4DC1F43D-D181-4491-A91C-EC63F1D46585}.Debug|Any CPU.Build.0 = Debug|Any CPU
		{4DC1F43D-D181-4491-A91C-EC63F1D46585}.Release|Any CPU.ActiveCfg = Release|Any CPU
		{4DC1F43D-D181-4491-A91C-EC63F1D46585}.Release|Any CPU.Build.0 = Release|Any CPU
		{31B78984-967E-4B44-BF3B-FCD34357B1BD}.Debug|Any CPU.ActiveCfg = Debug|Any CPU
		{31B78984-967E-4B44-BF3B-FCD34357B1BD}.Debug|Any CPU.Build.0 = Debug|Any CPU
		{31B78984-967E-4B44-BF3B-FCD34357B1BD}.Release|Any CPU.ActiveCfg = Release|Any CPU
		{31B78984-967E-4B44-BF3B-FCD34357B1BD}.Release|Any CPU.Build.0 = Release|Any CPU
		{568FA08C-ED47-48A0-A126-D39AC9061347}.Debug|Any CPU.ActiveCfg = Debug|Any CPU
		{568FA08C-ED47-48A0-A126-D39AC9061347}.Debug|Any CPU.Build.0 = Debug|Any CPU
		{568FA08C-ED47-48A0-A126-D39AC9061347}.Release|Any CPU.ActiveCfg = Release|Any CPU
		{568FA08C-ED47-48A0-A126-D39AC9061347}.Release|Any CPU.Build.0 = Release|Any CPU
	EndGlobalSection
	GlobalSection(SolutionProperties) = preSolution
		HideSolutionNode = FALSE
	EndGlobalSection
EndGlobal
